{
  "name": "5.2",
  "lockfileVersion": 3,
  "requires": true,
  "packages": {
    "": {
      "dependencies": {
        "types-registry": "^0.1.660"
      },
      "devDependencies": {
        "@types/debug": "^4.1.8"
      }
    },
    "node_modules/@types/debug": {
      "version": "4.1.8",
      "resolved": "https://registry.npmjs.org/@types/debug/-/debug-4.1.8.tgz",
      "integrity": "sha512-/vPO1EPOs306Cvhwv7KfVfYvOJqA/S/AXjaHQiJboCZzcNDb+TIJFN9/2C9DZ//ijSKWioNyUxD792QmDJ+HKQ==",
      "dev": true,
      "dependencies": {
        "@types/ms": "*"
      }
    },
    "node_modules/@types/ms": {
      "version": "0.7.31",
      "resolved": "https://registry.npmjs.org/@types/ms/-/ms-0.7.31.tgz",
      "integrity": "sha512-iiUgKzV9AuaEkZqkOLDIvlQiL6ltuZd9tGcW3gwpnX8JbuiuhFlEGmmFXEXkN50Cvq7Os88IY2v0dkDqXYWVgA==",
      "dev": true
    },
    "node_modules/types-registry": {
      "version": "0.1.660",
      "resolved": "https://registry.npmjs.org/types-registry/-/types-registry-0.1.660.tgz",
      "integrity": "sha512-Ec8rwuwBKGY3htbew6z70KeT6V0D1H/dCF20qayFpqj97hXBfYGyWg1h4cO1aAS2Ii+uUS1dxv8fUbNnyKReZQ=="
    }
  }
}
